
Microsoft Visual Studio Solution File, Format Version 12.00
# Visual Studio Version 16
VisualStudioVersion = 16.0.31624.102
MinimumVisualStudioVersion = 10.0.40219.1
Project("{2150E333-8FDC-42A3-9474-1A3956D46DE8}") = "src", "src", "{A6861ED5-6E3E-43B9-80E2-52AB529B7601}"
EndProject
Project("{2150E333-8FDC-42A3-9474-1A3956D46DE8}") = "tests", "tests", "{6CE29CEC-9A04-497A-9896-B98122CFFC9F}"
EndProject
Project("{9A19103F-16F7-4668-BE54-9A1E7A4F7556}") = "Bookstore.Core", "Bookstore.Core\Bookstore.Core.csproj", "{56CC732A-3482-45D9-8B0F-FEB629CF8CD6}"
EndProject
Project("{9A19103F-16F7-4668-BE54-9A1E7A4F7556}") = "Bookstore.SharedKernel", "Bookstore.SharedKernel\Bookstore.SharedKernel.csproj", "{D3321801-7749-46B2-A33B-DF6404817B71}"
EndProject
Project("{9A19103F-16F7-4668-BE54-9A1E7A4F7556}") = "Bookstore.Infra", "Bookstore.Infra\Bookstore.Infra.csproj", "{D96CC040-683E-4C36-8FF4-021C2BE03F51}"
EndProject
Project("{9A19103F-16F7-4668-BE54-9A1E7A4F7556}") = "Bookstore.API", "Bookstore.API\Bookstore.API.csproj", "{506CE34F-53F8-49C5-868F-B3B51F8ECC77}"
EndProject
Project("{9A19103F-16F7-4668-BE54-9A1E7A4F7556}") = "Bookstore.Teste.Functional", "Bookstore.Teste.Functional\Bookstore.Teste.Functional.csproj", "{542D3284-EC9B-4C85-BF40-6DF134D4848A}"
EndProject
Project("{9A19103F-16F7-4668-BE54-9A1E7A4F7556}") = "Bookstore.Teste.Integration", "Bookstore.Teste.Integration\Bookstore.Teste.Integration.csproj", "{7612F017-4FDE-4983-8910-02762F4AF4AD}"
EndProject
Project("{2150E333-8FDC-42A3-9474-1A3956D46DE8}") = "Core", "Core", "{CFDC0BE6-7DEB-46F5-8C07-F67F2899DC69}"
EndProject
Project("{2150E333-8FDC-42A3-9474-1A3956D46DE8}") = "Infra", "Infra", "{58232A48-F8A1-40C1-90CD-1F0B829DF385}"
EndProject
Project("{2150E333-8FDC-42A3-9474-1A3956D46DE8}") = "Interfaces", "Interfaces", "{8DC5BEB3-79E5-4071-9282-EF6E05F229B0}"
EndProject
Project("{FAE04EC0-301F-11D3-BF4B-00C04F79EFBC}") = "Bookstore.Core.Domain", "Bookstore.Core.Domain\Bookstore.Core.Domain.csproj", "{D2407747-84A7-4248-9289-FA23714C86E2}"
EndProject
Project("{FAE04EC0-301F-11D3-BF4B-00C04F79EFBC}") = "Bookstore.Test.Unit", "Bookstore.Test.Unit\Bookstore.Test.Unit.csproj", "{5F0E85F2-1BCC-45DB-8BDF-32CAF8F64822}"
EndProject
Project("{FAE04EC0-301F-11D3-BF4B-00C04F79EFBC}") = "Bookstore.Infra.Data", "Bookstore.Infra.Data\Bookstore.Infra.Data.csproj", "{C0E97F78-20EE-477C-AC7B-38F2E61FDB3A}"
EndProject
Project("{FAE04EC0-301F-11D3-BF4B-00C04F79EFBC}") = "Bookstore.Core.Application", "Bookstore.Core.Application\Bookstore.Core.Application.csproj", "{253156B5-AF85-44E3-B883-FDDBD095D5DF}"
EndProject
Global
	GlobalSection(SolutionConfigurationPlatforms) = preSolution
		Debug|Any CPU = Debug|Any CPU
		Release|Any CPU = Release|Any CPU
	EndGlobalSection
	GlobalSection(ProjectConfigurationPlatforms) = postSolution
		{56CC732A-3482-45D9-8B0F-FEB629CF8CD6}.Debug|Any CPU.ActiveCfg = Debug|Any CPU
		{56CC732A-3482-45D9-8B0F-FEB629CF8CD6}.Debug|Any CPU.Build.0 = Debug|Any CPU
		{56CC732A-3482-45D9-8B0F-FEB629CF8CD6}.Release|Any CPU.ActiveCfg = Release|Any CPU
		{56CC732A-3482-45D9-8B0F-FEB629CF8CD6}.Release|Any CPU.Build.0 = Release|Any CPU
		{D3321801-7749-46B2-A33B-DF6404817B71}.Debug|Any CPU.ActiveCfg = Debug|Any CPU
		{D3321801-7749-46B2-A33B-DF6404817B71}.Debug|Any CPU.Build.0 = Debug|Any CPU
		{D3321801-7749-46B2-A33B-DF6404817B71}.Release|Any CPU.ActiveCfg = Release|Any CPU
		{D3321801-7749-46B2-A33B-DF6404817B71}.Release|Any CPU.Build.0 = Release|Any CPU
		{D96CC040-683E-4C36-8FF4-021C2BE03F51}.Debug|Any CPU.ActiveCfg = Debug|Any CPU
		{D96CC040-683E-4C36-8FF4-021C2BE03F51}.Debug|Any CPU.Build.0 = Debug|Any CPU
		{D96CC040-683E-4C36-8FF4-021C2BE03F51}.Release|Any CPU.ActiveCfg = Release|Any CPU
		{D96CC040-683E-4C36-8FF4-021C2BE03F51}.Release|Any CPU.Build.0 = Release|Any CPU
		{506CE34F-53F8-49C5-868F-B3B51F8ECC77}.Debug|Any CPU.ActiveCfg = Debug|Any CPU
		{506CE34F-53F8-49C5-868F-B3B51F8ECC77}.Debug|Any CPU.Build.0 = Debug|Any CPU
		{506CE34F-53F8-49C5-868F-B3B51F8ECC77}.Release|Any CPU.ActiveCfg = Release|Any CPU
		{506CE34F-53F8-49C5-868F-B3B51F8ECC77}.Release|Any CPU.Build.0 = Release|Any CPU
		{542D3284-EC9B-4C85-BF40-6DF134D4848A}.Debug|Any CPU.ActiveCfg = Debug|Any CPU
		{542D3284-EC9B-4C85-BF40-6DF134D4848A}.Debug|Any CPU.Build.0 = Debug|Any CPU
		{542D3284-EC9B-4C85-BF40-6DF134D4848A}.Release|Any CPU.ActiveCfg = Release|Any CPU
		{542D3284-EC9B-4C85-BF40-6DF134D4848A}.Release|Any CPU.Build.0 = Release|Any CPU
		{7612F017-4FDE-4983-8910-02762F4AF4AD}.Debug|Any CPU.ActiveCfg = Debug|Any CPU
		{7612F017-4FDE-4983-8910-02762F4AF4AD}.Debug|Any CPU.Build.0 = Debug|Any CPU
		{7612F017-4FDE-4983-8910-02762F4AF4AD}.Release|Any CPU.ActiveCfg = Release|Any CPU
		{7612F017-4FDE-4983-8910-02762F4AF4AD}.Release|Any CPU.Build.0 = Release|Any CPU
		{D2407747-84A7-4248-9289-FA23714C86E2}.Debug|Any CPU.ActiveCfg = Debug|Any CPU
		{D2407747-84A7-4248-9289-FA23714C86E2}.Debug|Any CPU.Build.0 = Debug|Any CPU
		{D2407747-84A7-4248-9289-FA23714C86E2}.Release|Any CPU.ActiveCfg = Release|Any CPU
		{D2407747-84A7-4248-9289-FA23714C86E2}.Release|Any CPU.Build.0 = Release|Any CPU
		{5F0E85F2-1BCC-45DB-8BDF-32CAF8F64822}.Debug|Any CPU.ActiveCfg = Debug|Any CPU
		{5F0E85F2-1BCC-45DB-8BDF-32CAF8F64822}.Debug|Any CPU.Build.0 = Debug|Any CPU
		{5F0E85F2-1BCC-45DB-8BDF-32CAF8F64822}.Release|Any CPU.ActiveCfg = Release|Any CPU
		{5F0E85F2-1BCC-45DB-8BDF-32CAF8F64822}.Release|Any CPU.Build.0 = Release|Any CPU
		{C0E97F78-20EE-477C-AC7B-38F2E61FDB3A}.Debug|Any CPU.ActiveCfg = Debug|Any CPU
		{C0E97F78-20EE-477C-AC7B-38F2E61FDB3A}.Debug|Any CPU.Build.0 = Debug|Any CPU
		{C0E97F78-20EE-477C-AC7B-38F2E61FDB3A}.Release|Any CPU.ActiveCfg = Release|Any CPU
		{C0E97F78-20EE-477C-AC7B-38F2E61FDB3A}.Release|Any CPU.Build.0 = Release|Any CPU
		{253156B5-AF85-44E3-B883-FDDBD095D5DF}.Debug|Any CPU.ActiveCfg = Debug|Any CPU
		{253156B5-AF85-44E3-B883-FDDBD095D5DF}.Debug|Any CPU.Build.0 = Debug|Any CPU
		{253156B5-AF85-44E3-B883-FDDBD095D5DF}.Release|Any CPU.ActiveCfg = Release|Any CPU
		{253156B5-AF85-44E3-B883-FDDBD095D5DF}.Release|Any CPU.Build.0 = Release|Any CPU
	EndGlobalSection
	GlobalSection(SolutionProperties) = preSolution
		HideSolutionNode = FALSE
	EndGlobalSection
	GlobalSection(NestedProjects) = preSolution
		{56CC732A-3482-45D9-8B0F-FEB629CF8CD6} = {A6861ED5-6E3E-43B9-80E2-52AB529B7601}
		{D3321801-7749-46B2-A33B-DF6404817B71} = {A6861ED5-6E3E-43B9-80E2-52AB529B7601}
		{D96CC040-683E-4C36-8FF4-021C2BE03F51} = {A6861ED5-6E3E-43B9-80E2-52AB529B7601}
		{506CE34F-53F8-49C5-868F-B3B51F8ECC77} = {A6861ED5-6E3E-43B9-80E2-52AB529B7601}
		{542D3284-EC9B-4C85-BF40-6DF134D4848A} = {6CE29CEC-9A04-497A-9896-B98122CFFC9F}
		{7612F017-4FDE-4983-8910-02762F4AF4AD} = {6CE29CEC-9A04-497A-9896-B98122CFFC9F}
		{D2407747-84A7-4248-9289-FA23714C86E2} = {CFDC0BE6-7DEB-46F5-8C07-F67F2899DC69}
		{5F0E85F2-1BCC-45DB-8BDF-32CAF8F64822} = {6CE29CEC-9A04-497A-9896-B98122CFFC9F}
		{C0E97F78-20EE-477C-AC7B-38F2E61FDB3A} = {58232A48-F8A1-40C1-90CD-1F0B829DF385}
		{253156B5-AF85-44E3-B883-FDDBD095D5DF} = {CFDC0BE6-7DEB-46F5-8C07-F67F2899DC69}
	EndGlobalSection
	GlobalSection(ExtensibilityGlobals) = postSolution
		SolutionGuid = {F9FA79BD-30EB-4DD2-A9FE-BEDA58E0B498}
	EndGlobalSection
EndGlobal
