
Microsoft Visual Studio Solution File, Format Version 12.00
# Visual Studio Version 16
VisualStudioVersion = 16.0.31624.102
MinimumVisualStudioVersion = 10.0.40219.1
Project("{2150E333-8FDC-42A3-9474-1A3956D46DE8}") = "Tests", "Tests", "{6CE29CEC-9A04-497A-9896-B98122CFFC9F}"
EndProject
Project("{2150E333-8FDC-42A3-9474-1A3956D46DE8}") = "Core", "Core", "{CFDC0BE6-7DEB-46F5-8C07-F67F2899DC69}"
EndProject
Project("{2150E333-8FDC-42A3-9474-1A3956D46DE8}") = "Infra", "Infra", "{58232A48-F8A1-40C1-90CD-1F0B829DF385}"
EndProject
Project("{2150E333-8FDC-42A3-9474-1A3956D46DE8}") = "Interfaces", "Interfaces", "{8DC5BEB3-79E5-4071-9282-EF6E05F229B0}"
EndProject
Project("{9A19103F-16F7-4668-BE54-9A1E7A4F7556}") = "Bookstore.Core.Domain", "Bookstore.Core.Domain\Bookstore.Core.Domain.csproj", "{D2407747-84A7-4248-9289-FA23714C86E2}"
EndProject
Project("{9A19103F-16F7-4668-BE54-9A1E7A4F7556}") = "Bookstore.Test.Unit", "Bookstore.Test.Unit\Bookstore.Test.Unit.csproj", "{5F0E85F2-1BCC-45DB-8BDF-32CAF8F64822}"
EndProject
Project("{9A19103F-16F7-4668-BE54-9A1E7A4F7556}") = "Bookstore.Infra.Data", "Bookstore.Infra.Data\Bookstore.Infra.Data.csproj", "{C0E97F78-20EE-477C-AC7B-38F2E61FDB3A}"
EndProject
Project("{9A19103F-16F7-4668-BE54-9A1E7A4F7556}") = "Bookstore.Core.Application", "Bookstore.Core.Application\Bookstore.Core.Application.csproj", "{253156B5-AF85-44E3-B883-FDDBD095D5DF}"
EndProject
Project("{9A19103F-16F7-4668-BE54-9A1E7A4F7556}") = "Bookstore.Test.Integration", "Bookstore.Test.Integration\Bookstore.Test.Integration.csproj", "{8A5C0DFF-73AD-40B6-8579-B96840F420D6}"
EndProject
Project("{FAE04EC0-301F-11D3-BF4B-00C04F79EFBC}") = "Bookstore.Infra.IoC", "Bookstore.Infra.IoC\Bookstore.Infra.IoC.csproj", "{30E35B5E-BE4B-4E0B-9CAB-9F7AABD15900}"
EndProject
Project("{FAE04EC0-301F-11D3-BF4B-00C04F79EFBC}") = "Bookstore.Interface.API", "Bookstore.Interface.API\Bookstore.Interface.API.csproj", "{42C7F328-882F-406A-AAD0-4E65E805A450}"
EndProject
Global
	GlobalSection(SolutionConfigurationPlatforms) = preSolution
		Debug|Any CPU = Debug|Any CPU
		Release|Any CPU = Release|Any CPU
	EndGlobalSection
	GlobalSection(ProjectConfigurationPlatforms) = postSolution
		{D2407747-84A7-4248-9289-FA23714C86E2}.Debug|Any CPU.ActiveCfg = Debug|Any CPU
		{D2407747-84A7-4248-9289-FA23714C86E2}.Debug|Any CPU.Build.0 = Debug|Any CPU
		{D2407747-84A7-4248-9289-FA23714C86E2}.Release|Any CPU.ActiveCfg = Release|Any CPU
		{D2407747-84A7-4248-9289-FA23714C86E2}.Release|Any CPU.Build.0 = Release|Any CPU
		{5F0E85F2-1BCC-45DB-8BDF-32CAF8F64822}.Debug|Any CPU.ActiveCfg = Debug|Any CPU
		{5F0E85F2-1BCC-45DB-8BDF-32CAF8F64822}.Debug|Any CPU.Build.0 = Debug|Any CPU
		{5F0E85F2-1BCC-45DB-8BDF-32CAF8F64822}.Release|Any CPU.ActiveCfg = Release|Any CPU
		{5F0E85F2-1BCC-45DB-8BDF-32CAF8F64822}.Release|Any CPU.Build.0 = Release|Any CPU
		{C0E97F78-20EE-477C-AC7B-38F2E61FDB3A}.Debug|Any CPU.ActiveCfg = Debug|Any CPU
		{C0E97F78-20EE-477C-AC7B-38F2E61FDB3A}.Debug|Any CPU.Build.0 = Debug|Any CPU
		{C0E97F78-20EE-477C-AC7B-38F2E61FDB3A}.Release|Any CPU.ActiveCfg = Release|Any CPU
		{C0E97F78-20EE-477C-AC7B-38F2E61FDB3A}.Release|Any CPU.Build.0 = Release|Any CPU
		{253156B5-AF85-44E3-B883-FDDBD095D5DF}.Debug|Any CPU.ActiveCfg = Debug|Any CPU
		{253156B5-AF85-44E3-B883-FDDBD095D5DF}.Debug|Any CPU.Build.0 = Debug|Any CPU
		{253156B5-AF85-44E3-B883-FDDBD095D5DF}.Release|Any CPU.ActiveCfg = Release|Any CPU
		{253156B5-AF85-44E3-B883-FDDBD095D5DF}.Release|Any CPU.Build.0 = Release|Any CPU
		{8A5C0DFF-73AD-40B6-8579-B96840F420D6}.Debug|Any CPU.ActiveCfg = Debug|Any CPU
		{8A5C0DFF-73AD-40B6-8579-B96840F420D6}.Debug|Any CPU.Build.0 = Debug|Any CPU
		{8A5C0DFF-73AD-40B6-8579-B96840F420D6}.Release|Any CPU.ActiveCfg = Release|Any CPU
		{8A5C0DFF-73AD-40B6-8579-B96840F420D6}.Release|Any CPU.Build.0 = Release|Any CPU
		{30E35B5E-BE4B-4E0B-9CAB-9F7AABD15900}.Debug|Any CPU.ActiveCfg = Debug|Any CPU
		{30E35B5E-BE4B-4E0B-9CAB-9F7AABD15900}.Debug|Any CPU.Build.0 = Debug|Any CPU
		{30E35B5E-BE4B-4E0B-9CAB-9F7AABD15900}.Release|Any CPU.ActiveCfg = Release|Any CPU
		{30E35B5E-BE4B-4E0B-9CAB-9F7AABD15900}.Release|Any CPU.Build.0 = Release|Any CPU
		{42C7F328-882F-406A-AAD0-4E65E805A450}.Debug|Any CPU.ActiveCfg = Debug|Any CPU
		{42C7F328-882F-406A-AAD0-4E65E805A450}.Debug|Any CPU.Build.0 = Debug|Any CPU
		{42C7F328-882F-406A-AAD0-4E65E805A450}.Release|Any CPU.ActiveCfg = Release|Any CPU
		{42C7F328-882F-406A-AAD0-4E65E805A450}.Release|Any CPU.Build.0 = Release|Any CPU
	EndGlobalSection
	GlobalSection(SolutionProperties) = preSolution
		HideSolutionNode = FALSE
	EndGlobalSection
	GlobalSection(NestedProjects) = preSolution
		{D2407747-84A7-4248-9289-FA23714C86E2} = {CFDC0BE6-7DEB-46F5-8C07-F67F2899DC69}
		{5F0E85F2-1BCC-45DB-8BDF-32CAF8F64822} = {6CE29CEC-9A04-497A-9896-B98122CFFC9F}
		{C0E97F78-20EE-477C-AC7B-38F2E61FDB3A} = {58232A48-F8A1-40C1-90CD-1F0B829DF385}
		{253156B5-AF85-44E3-B883-FDDBD095D5DF} = {CFDC0BE6-7DEB-46F5-8C07-F67F2899DC69}
		{8A5C0DFF-73AD-40B6-8579-B96840F420D6} = {6CE29CEC-9A04-497A-9896-B98122CFFC9F}
		{30E35B5E-BE4B-4E0B-9CAB-9F7AABD15900} = {58232A48-F8A1-40C1-90CD-1F0B829DF385}
		{42C7F328-882F-406A-AAD0-4E65E805A450} = {8DC5BEB3-79E5-4071-9282-EF6E05F229B0}
	EndGlobalSection
	GlobalSection(ExtensibilityGlobals) = postSolution
		SolutionGuid = {F9FA79BD-30EB-4DD2-A9FE-BEDA58E0B498}
	EndGlobalSection
EndGlobal
